
Microsoft Visual Studio Solution File, Format Version 12.00
# Visual Studio Version 16
VisualStudioVersion = 16.0.31205.134
MinimumVisualStudioVersion = 10.0.40219.1
Project("{FAE04EC0-301F-11D3-BF4B-00C04F79EFBC}") = "ABE.Web.UI.Blazor.WASM", "ABE.Web.UI.Blazor.WASM\ABE.Web.UI.Blazor.WASM.csproj", "{14549774-85DA-4B45-AA79-5DB3155B1669}"
EndProject
Global
	GlobalSection(SolutionConfigurationPlatforms) = preSolution
		Debug|Any CPU = Debug|Any CPU
		Release|Any CPU = Release|Any CPU
	EndGlobalSection
	GlobalSection(ProjectConfigurationPlatforms) = postSolution
		{14549774-85DA-4B45-AA79-5DB3155B1669}.Debug|Any CPU.ActiveCfg = Debug|Any CPU
		{14549774-85DA-4B45-AA79-5DB3155B1669}.Debug|Any CPU.Build.0 = Debug|Any CPU
		{14549774-85DA-4B45-AA79-5DB3155B1669}.Release|Any CPU.ActiveCfg = Release|Any CPU
		{14549774-85DA-4B45-AA79-5DB3155B1669}.Release|Any CPU.Build.0 = Release|Any CPU
	EndGlobalSection
	GlobalSection(SolutionProperties) = preSolution
		HideSolutionNode = FALSE
	EndGlobalSection
	GlobalSection(ExtensibilityGlobals) = postSolution
		SolutionGuid = {FEA50E90-1034-48EC-83CE-776837B4EA3E}
	EndGlobalSection
EndGlobal
